// !$*UTF8*$!
{
	archiveVersion = 1;
	classes = {
	};
	objectVersion = 77;
	objects = {

/* Begin PBXBuildFile section */
		E8FC84192CE79FD50006ED8A /* FirebaseAnalytics in Frameworks */ = {isa = PBXBuildFile; productRef = E8FC84182CE79FD50006ED8A /* FirebaseAnalytics */; };
		E8FC841B2CE79FD50006ED8A /* FirebaseAnalyticsWithoutAdIdSupport in Frameworks */ = {isa = PBXBuildFile; productRef = E8FC841A2CE79FD50006ED8A /* FirebaseAnalyticsWithoutAdIdSupport */; };
		E8FC841D2CE79FD50006ED8A /* FirebaseAuth in Frameworks */ = {isa = PBXBuildFile; productRef = E8FC841C2CE79FD50006ED8A /* FirebaseAuth */; };
		E8FC841F2CE79FD50006ED8A /* FirebaseCore in Frameworks */ = {isa = PBXBuildFile; productRef = E8FC841E2CE79FD50006ED8A /* FirebaseCore */; };
		E8FC84212CE79FD50006ED8A /* FirebaseDatabase in Frameworks */ = {isa = PBXBuildFile; productRef = E8FC84202CE79FD50006ED8A /* FirebaseDatabase */; };
		E8FC84232CE79FD50006ED8A /* FirebaseStorage in Frameworks */ = {isa = PBXBuildFile; productRef = E8FC84222CE79FD50006ED8A /* FirebaseStorage */; };
/* End PBXBuildFile section */

/* Begin PBXContainerItemProxy section */
		E8FC83F22CE798610006ED8A /* PBXContainerItemProxy */ = {
			isa = PBXContainerItemProxy;
			containerPortal = E8FC83D32CE798600006ED8A /* Project object */;
			proxyType = 1;
			remoteGlobalIDString = E8FC83DA2CE798600006ED8A;
			remoteInfo = NildaSnapchat;
		};
		E8FC83FC2CE798610006ED8A /* PBXContainerItemProxy */ = {
			isa = PBXContainerItemProxy;
			containerPortal = E8FC83D32CE798600006ED8A /* Project object */;
			proxyType = 1;
			remoteGlobalIDString = E8FC83DA2CE798600006ED8A;
			remoteInfo = NildaSnapchat;
		};
/* End PBXContainerItemProxy section */

/* Begin PBXFileReference section */
		E8FC83DB2CE798600006ED8A /* NildaSnapchat.app */ = {isa = PBXFileReference; explicitFileType = wrapper.application; includeInIndex = 0; path = NildaSnapchat.app; sourceTree = BUILT_PRODUCTS_DIR; };
		E8FC83F12CE798610006ED8A /* NildaSnapchatTests.xctest */ = {isa = PBXFileReference; explicitFileType = wrapper.cfbundle; includeInIndex = 0; path = NildaSnapchatTests.xctest; sourceTree = BUILT_PRODUCTS_DIR; };
		E8FC83FB2CE798610006ED8A /* NildaSnapchatUITests.xctest */ = {isa = PBXFileReference; explicitFileType = wrapper.cfbundle; includeInIndex = 0; path = NildaSnapchatUITests.xctest; sourceTree = BUILT_PRODUCTS_DIR; };
/* End PBXFileReference section */

/* Begin PBXFileSystemSynchronizedBuildFileExceptionSet section */
		E8FC84032CE798610006ED8A /* Exceptions for "NildaSnapchat" folder in "NildaSnapchat" target */ = {
			isa = PBXFileSystemSynchronizedBuildFileExceptionSet;
			membershipExceptions = (
				Info.plist,
			);
			target = E8FC83DA2CE798600006ED8A /* NildaSnapchat */;
		};
		E8FC84152CE79DAE0006ED8A /* Exceptions for "NildaSnapchat" folder in "NildaSnapchatTests" target */ = {
			isa = PBXFileSystemSynchronizedBuildFileExceptionSet;
			membershipExceptions = (
				"GoogleService-Info.plist",
			);
			target = E8FC83F02CE798610006ED8A /* NildaSnapchatTests */;
		};
		E8FC84162CE79DAE0006ED8A /* Exceptions for "NildaSnapchat" folder in "NildaSnapchatUITests" target */ = {
			isa = PBXFileSystemSynchronizedBuildFileExceptionSet;
			membershipExceptions = (
				"GoogleService-Info.plist",
			);
			target = E8FC83FA2CE798610006ED8A /* NildaSnapchatUITests */;
		};
/* End PBXFileSystemSynchronizedBuildFileExceptionSet section */

/* Begin PBXFileSystemSynchronizedRootGroup section */
		E8FC83DD2CE798600006ED8A /* NildaSnapchat */ = {
			isa = PBXFileSystemSynchronizedRootGroup;
			exceptions = (
				E8FC84032CE798610006ED8A /* Exceptions for "NildaSnapchat" folder in "NildaSnapchat" target */,
				E8FC84152CE79DAE0006ED8A /* Exceptions for "NildaSnapchat" folder in "NildaSnapchatTests" target */,
				E8FC84162CE79DAE0006ED8A /* Exceptions for "NildaSnapchat" folder in "NildaSnapchatUITests" target */,
			);
			path = NildaSnapchat;
			sourceTree = "<group>";
		};
		E8FC83F42CE798610006ED8A /* NildaSnapchatTests */ = {
			isa = PBXFileSystemSynchronizedRootGroup;
			path = NildaSnapchatTests;
			sourceTree = "<group>";
		};
		E8FC83FE2CE798610006ED8A /* NildaSnapchatUITests */ = {
			isa = PBXFileSystemSynchronizedRootGroup;
			path = NildaSnapchatUITests;
			sourceTree = "<group>";
		};
/* End PBXFileSystemSynchronizedRootGroup section */

/* Begin PBXFrameworksBuildPhase section */
		E8FC83D82CE798600006ED8A /* Frameworks */ = {
			isa = PBXFrameworksBuildPhase;
			buildActionMask = 2147483647;
			files = (
				E8FC84212CE79FD50006ED8A /* FirebaseDatabase in Frameworks */,
				E8FC84192CE79FD50006ED8A /* FirebaseAnalytics in Frameworks */,
				E8FC841D2CE79FD50006ED8A /* FirebaseAuth in Frameworks */,
				E8FC841F2CE79FD50006ED8A /* FirebaseCore in Frameworks */,
				E8FC841B2CE79FD50006ED8A /* FirebaseAnalyticsWithoutAdIdSupport in Frameworks */,
				E8FC84232CE79FD50006ED8A /* FirebaseStorage in Frameworks */,
			);
			runOnlyForDeploymentPostprocessing = 0;
		};
		E8FC83EE2CE798610006ED8A /* Frameworks */ = {
			isa = PBXFrameworksBuildPhase;
			buildActionMask = 2147483647;
			files = (
			);
			runOnlyForDeploymentPostprocessing = 0;
		};
		E8FC83F82CE798610006ED8A /* Frameworks */ = {
			isa = PBXFrameworksBuildPhase;
			buildActionMask = 2147483647;
			files = (
			);
			runOnlyForDeploymentPostprocessing = 0;
		};
/* End PBXFrameworksBuildPhase section */

/* Begin PBXGroup section */
		E8FC83D22CE798600006ED8A = {
			isa = PBXGroup;
			children = (
				E8FC83DD2CE798600006ED8A /* NildaSnapchat */,
				E8FC83F42CE798610006ED8A /* NildaSnapchatTests */,
				E8FC83FE2CE798610006ED8A /* NildaSnapchatUITests */,
				E8FC83DC2CE798600006ED8A /* Products */,
			);
			sourceTree = "<group>";
		};
		E8FC83DC2CE798600006ED8A /* Products */ = {
			isa = PBXGroup;
			children = (
				E8FC83DB2CE798600006ED8A /* NildaSnapchat.app */,
				E8FC83F12CE798610006ED8A /* NildaSnapchatTests.xctest */,
				E8FC83FB2CE798610006ED8A /* NildaSnapchatUITests.xctest */,
			);
			name = Products;
			sourceTree = "<group>";
		};
/* End PBXGroup section */

/* Begin PBXNativeTarget section */
		E8FC83DA2CE798600006ED8A /* NildaSnapchat */ = {
			isa = PBXNativeTarget;
			buildConfigurationList = E8FC84042CE798610006ED8A /* Build configuration list for PBXNativeTarget "NildaSnapchat" */;
			buildPhases = (
				E8FC83D72CE798600006ED8A /* Sources */,
				E8FC83D82CE798600006ED8A /* Frameworks */,
				E8FC83D92CE798600006ED8A /* Resources */,
			);
			buildRules = (
			);
			dependencies = (
			);
			fileSystemSynchronizedGroups = (
				E8FC83DD2CE798600006ED8A /* NildaSnapchat */,
			);
			name = NildaSnapchat;
			packageProductDependencies = (
				E8FC84182CE79FD50006ED8A /* FirebaseAnalytics */,
				E8FC841A2CE79FD50006ED8A /* FirebaseAnalyticsWithoutAdIdSupport */,
				E8FC841C2CE79FD50006ED8A /* FirebaseAuth */,
				E8FC841E2CE79FD50006ED8A /* FirebaseCore */,
				E8FC84202CE79FD50006ED8A /* FirebaseDatabase */,
				E8FC84222CE79FD50006ED8A /* FirebaseStorage */,
			);
			productName = NildaSnapchat;
			productReference = E8FC83DB2CE798600006ED8A /* NildaSnapchat.app */;
			productType = "com.apple.product-type.application";
		};
		E8FC83F02CE798610006ED8A /* NildaSnapchatTests */ = {
			isa = PBXNativeTarget;
			buildConfigurationList = E8FC84092CE798610006ED8A /* Build configuration list for PBXNativeTarget "NildaSnapchatTests" */;
			buildPhases = (
				E8FC83ED2CE798610006ED8A /* Sources */,
				E8FC83EE2CE798610006ED8A /* Frameworks */,
				E8FC83EF2CE798610006ED8A /* Resources */,
			);
			buildRules = (
			);
			dependencies = (
				E8FC83F32CE798610006ED8A /* PBXTargetDependency */,
			);
			fileSystemSynchronizedGroups = (
				E8FC83F42CE798610006ED8A /* NildaSnapchatTests */,
			);
			name = NildaSnapchatTests;
			packageProductDependencies = (
			);
			productName = NildaSnapchatTests;
			productReference = E8FC83F12CE798610006ED8A /* NildaSnapchatTests.xctest */;
			productType = "com.apple.product-type.bundle.unit-test";
		};
		E8FC83FA2CE798610006ED8A /* NildaSnapchatUITests */ = {
			isa = PBXNativeTarget;
			buildConfigurationList = E8FC840C2CE798610006ED8A /* Build configuration list for PBXNativeTarget "NildaSnapchatUITests" */;
			buildPhases = (
				E8FC83F72CE798610006ED8A /* Sources */,
				E8FC83F82CE798610006ED8A /* Frameworks */,
				E8FC83F92CE798610006ED8A /* Resources */,
			);
			buildRules = (
			);
			dependencies = (
				E8FC83FD2CE798610006ED8A /* PBXTargetDependency */,
			);
			fileSystemSynchronizedGroups = (
				E8FC83FE2CE798610006ED8A /* NildaSnapchatUITests */,
			);
			name = NildaSnapchatUITests;
			packageProductDependencies = (
			);
			productName = NildaSnapchatUITests;
			productReference = E8FC83FB2CE798610006ED8A /* NildaSnapchatUITests.xctest */;
			productType = "com.apple.product-type.bundle.ui-testing";
		};
/* End PBXNativeTarget section */

/* Begin PBXProject section */
		E8FC83D32CE798600006ED8A /* Project object */ = {
			isa = PBXProject;
			attributes = {
				BuildIndependentTargetsInParallel = 1;
				LastSwiftUpdateCheck = 1610;
				LastUpgradeCheck = 1610;
				TargetAttributes = {
					E8FC83DA2CE798600006ED8A = {
						CreatedOnToolsVersion = 16.1;
					};
					E8FC83F02CE798610006ED8A = {
						CreatedOnToolsVersion = 16.1;
						TestTargetID = E8FC83DA2CE798600006ED8A;
					};
					E8FC83FA2CE798610006ED8A = {
						CreatedOnToolsVersion = 16.1;
						TestTargetID = E8FC83DA2CE798600006ED8A;
					};
				};
			};
			buildConfigurationList = E8FC83D62CE798600006ED8A /* Build configuration list for PBXProject "NildaSnapchat" */;
			developmentRegion = en;
			hasScannedForEncodings = 0;
			knownRegions = (
				en,
				Base,
			);
			mainGroup = E8FC83D22CE798600006ED8A;
			minimizedProjectReferenceProxies = 1;
			packageReferences = (
				E8FC84172CE79FD50006ED8A /* XCRemoteSwiftPackageReference "firebase-ios-sdk" */,
			);
			preferredProjectObjectVersion = 77;
			productRefGroup = E8FC83DC2CE798600006ED8A /* Products */;
			projectDirPath = "";
			projectRoot = "";
			targets = (
				E8FC83DA2CE798600006ED8A /* NildaSnapchat */,
				E8FC83F02CE798610006ED8A /* NildaSnapchatTests */,
				E8FC83FA2CE798610006ED8A /* NildaSnapchatUITests */,
			);
		};
/* End PBXProject section */

/* Begin PBXResourcesBuildPhase section */
		E8FC83D92CE798600006ED8A /* Resources */ = {
			isa = PBXResourcesBuildPhase;
			buildActionMask = 2147483647;
			files = (
			);
			runOnlyForDeploymentPostprocessing = 0;
		};
		E8FC83EF2CE798610006ED8A /* Resources */ = {
			isa = PBXResourcesBuildPhase;
			buildActionMask = 2147483647;
			files = (
			);
			runOnlyForDeploymentPostprocessing = 0;
		};
		E8FC83F92CE798610006ED8A /* Resources */ = {
			isa = PBXResourcesBuildPhase;
			buildActionMask = 2147483647;
			files = (
			);
			runOnlyForDeploymentPostprocessing = 0;
		};
/* End PBXResourcesBuildPhase section */

/* Begin PBXSourcesBuildPhase section */
		E8FC83D72CE798600006ED8A /* Sources */ = {
			isa = PBXSourcesBuildPhase;
			buildActionMask = 2147483647;
			files = (
			);
			runOnlyForDeploymentPostprocessing = 0;
		};
		E8FC83ED2CE798610006ED8A /* Sources */ = {
			isa = PBXSourcesBuildPhase;
			buildActionMask = 2147483647;
			files = (
			);
			runOnlyForDeploymentPostprocessing = 0;
		};
		E8FC83F72CE798610006ED8A /* Sources */ = {
			isa = PBXSourcesBuildPhase;
			buildActionMask = 2147483647;
			files = (
			);
			runOnlyForDeploymentPostprocessing = 0;
		};
/* End PBXSourcesBuildPhase section */

/* Begin PBXTargetDependency section */
		E8FC83F32CE798610006ED8A /* PBXTargetDependency */ = {
			isa = PBXTargetDependency;
			target = E8FC83DA2CE798600006ED8A /* NildaSnapchat */;
			targetProxy = E8FC83F22CE798610006ED8A /* PBXContainerItemProxy */;
		};
		E8FC83FD2CE798610006ED8A /* PBXTargetDependency */ = {
			isa = PBXTargetDependency;
			target = E8FC83DA2CE798600006ED8A /* NildaSnapchat */;
			targetProxy = E8FC83FC2CE798610006ED8A /* PBXContainerItemProxy */;
		};
/* End PBXTargetDependency section */

/* Begin XCBuildConfiguration section */
		E8FC84052CE798610006ED8A /* Debug */ = {
			isa = XCBuildConfiguration;
			buildSettings = {
				ASSETCATALOG_COMPILER_APPICON_NAME = AppIcon;
				ASSETCATALOG_COMPILER_GLOBAL_ACCENT_COLOR_NAME = AccentColor;
				CODE_SIGN_STYLE = Automatic;
				CURRENT_PROJECT_VERSION = 1;
				GENERATE_INFOPLIST_FILE = YES;
				INFOPLIST_FILE = NildaSnapchat/Info.plist;
				INFOPLIST_KEY_UIApplicationSupportsIndirectInputEvents = YES;
				INFOPLIST_KEY_UILaunchStoryboardName = LaunchScreen;
				INFOPLIST_KEY_UIMainStoryboardFile = Main;
				INFOPLIST_KEY_UISupportedInterfaceOrientations_iPad = "UIInterfaceOrientationPortrait UIInterfaceOrientationPortraitUpsideDown UIInterfaceOrientationLandscapeLeft UIInterfaceOrientationLandscapeRight";
				INFOPLIST_KEY_UISupportedInterfaceOrientations_iPhone = "UIInterfaceOrientationPortrait UIInterfaceOrientationLandscapeLeft UIInterfaceOrientationLandscapeRight";
				LD_RUNPATH_SEARCH_PATHS = (
					"$(inherited)",
					"@executable_path/Frameworks",
				);
				MARKETING_VERSION = 1.0;
				PRODUCT_BUNDLE_IDENTIFIER = parkAll.NildaSnapchat;
				PRODUCT_NAME = "$(TARGET_NAME)";
				SWIFT_EMIT_LOC_STRINGS = YES;
				SWIFT_VERSION = 5.0;
				TARGETED_DEVICE_FAMILY = "1,2";
			};
			name = Debug;
		};
		E8FC84062CE798610006ED8A /* Release */ = {
			isa = XCBuildConfiguration;
			buildSettings = {
				ASSETCATALOG_COMPILER_APPICON_NAME = AppIcon;
				ASSETCATALOG_COMPILER_GLOBAL_ACCENT_COLOR_NAME = AccentColor;
				CODE_SIGN_STYLE = Automatic;
				CURRENT_PROJECT_VERSION = 1;
				GENERATE_INFOPLIST_FILE = YES;
				INFOPLIST_FILE = NildaSnapchat/Info.plist;
				INFOPLIST_KEY_UIApplicationSupportsIndirectInputEvents = YES;
				INFOPLIST_KEY_UILaunchStoryboardName = LaunchScreen;
				INFOPLIST_KEY_UIMainStoryboardFile = Main;
				INFOPLIST_KEY_UISupportedInterfaceOrientations_iPad = "UIInterfaceOrientationPortrait UIInterfaceOrientationPortraitUpsideDown UIInterfaceOrientationLandscapeLeft UIInterfaceOrientationLandscapeRight";
				INFOPLIST_KEY_UISupportedInterfaceOrientations_iPhone = "UIInterfaceOrientationPortrait UIInterfaceOrientationLandscapeLeft UIInterfaceOrientationLandscapeRight";
				LD_RUNPATH_SEARCH_PATHS = (
					"$(inherited)",
					"@executable_path/Frameworks",
				);
				MARKETING_VERSION = 1.0;
				PRODUCT_BUNDLE_IDENTIFIER = parkAll.NildaSnapchat;
				PRODUCT_NAME = "$(TARGET_NAME)";
				SWIFT_EMIT_LOC_STRINGS = YES;
				SWIFT_VERSION = 5.0;
				TARGETED_DEVICE_FAMILY = "1,2";
			};
			name = Release;
		};
		E8FC84072CE798610006ED8A /* Debug */ = {
			isa = XCBuildConfiguration;
			buildSettings = {
				ALWAYS_SEARCH_USER_PATHS = NO;
				ASSETCATALOG_COMPILER_GENERATE_SWIFT_ASSET_SYMBOL_EXTENSIONS = YES;
				CLANG_ANALYZER_NONNULL = YES;
				CLANG_ANALYZER_NUMBER_OBJECT_CONVERSION = YES_AGGRESSIVE;
				CLANG_CXX_LANGUAGE_STANDARD = "gnu++20";
				CLANG_ENABLE_MODULES = YES;
				CLANG_ENABLE_OBJC_ARC = YES;
				CLANG_ENABLE_OBJC_WEAK = YES;
				CLANG_WARN_BLOCK_CAPTURE_AUTORELEASING = YES;
				CLANG_WARN_BOOL_CONVERSION = YES;
				CLANG_WARN_COMMA = YES;
				CLANG_WARN_CONSTANT_CONVERSION = YES;
				CLANG_WARN_DEPRECATED_OBJC_IMPLEMENTATIONS = YES;
				CLANG_WARN_DIRECT_OBJC_ISA_USAGE = YES_ERROR;
				CLANG_WARN_DOCUMENTATION_COMMENTS = YES;
				CLANG_WARN_EMPTY_BODY = YES;
				CLANG_WARN_ENUM_CONVERSION = YES;
				CLANG_WARN_INFINITE_RECURSION = YES;
				CLANG_WARN_INT_CONVERSION = YES;
				CLANG_WARN_NON_LITERAL_NULL_CONVERSION = YES;
				CLANG_WARN_OBJC_IMPLICIT_RETAIN_SELF = YES;
				CLANG_WARN_OBJC_LITERAL_CONVERSION = YES;
				CLANG_WARN_OBJC_ROOT_CLASS = YES_ERROR;
				CLANG_WARN_QUOTED_INCLUDE_IN_FRAMEWORK_HEADER = YES;
				CLANG_WARN_RANGE_LOOP_ANALYSIS = YES;
				CLANG_WARN_STRICT_PROTOTYPES = YES;
				CLANG_WARN_SUSPICIOUS_MOVE = YES;
				CLANG_WARN_UNGUARDED_AVAILABILITY = YES_AGGRESSIVE;
				CLANG_WARN_UNREACHABLE_CODE = YES;
				CLANG_WARN__DUPLICATE_METHOD_MATCH = YES;
				COPY_PHASE_STRIP = NO;
				DEBUG_INFORMATION_FORMAT = dwarf;
				ENABLE_STRICT_OBJC_MSGSEND = YES;
				ENABLE_TESTABILITY = YES;
				ENABLE_USER_SCRIPT_SANDBOXING = YES;
				GCC_C_LANGUAGE_STANDARD = gnu17;
				GCC_DYNAMIC_NO_PIC = NO;
				GCC_NO_COMMON_BLOCKS = YES;
				GCC_OPTIMIZATION_LEVEL = 0;
				GCC_PREPROCESSOR_DEFINITIONS = (
					"DEBUG=1",
					"$(inherited)",
				);
				GCC_WARN_64_TO_32_BIT_CONVERSION = YES;
				GCC_WARN_ABOUT_RETURN_TYPE = YES_ERROR;
				GCC_WARN_UNDECLARED_SELECTOR = YES;
				GCC_WARN_UNINITIALIZED_AUTOS = YES_AGGRESSIVE;
				GCC_WARN_UNUSED_FUNCTION = YES;
				GCC_WARN_UNUSED_VARIABLE = YES;
				IPHONEOS_DEPLOYMENT_TARGET = 18.1;
				LOCALIZATION_PREFERS_STRING_CATALOGS = YES;
				MTL_ENABLE_DEBUG_INFO = INCLUDE_SOURCE;
				MTL_FAST_MATH = YES;
				ONLY_ACTIVE_ARCH = YES;
				SDKROOT = iphoneos;
				SWIFT_ACTIVE_COMPILATION_CONDITIONS = "DEBUG $(inherited)";
				SWIFT_OPTIMIZATION_LEVEL = "-Onone";
			};
			name = Debug;
		};
		E8FC84082CE798610006ED8A /* Release */ = {
			isa = XCBuildConfiguration;
			buildSettings = {
				ALWAYS_SEARCH_USER_PATHS = NO;
				ASSETCATALOG_COMPILER_GENERATE_SWIFT_ASSET_SYMBOL_EXTENSIONS = YES;
				CLANG_ANALYZER_NONNULL = YES;
				CLANG_ANALYZER_NUMBER_OBJECT_CONVERSION = YES_AGGRESSIVE;
				CLANG_CXX_LANGUAGE_STANDARD = "gnu++20";
				CLANG_ENABLE_MODULES = YES;
				CLANG_ENABLE_OBJC_ARC = YES;
				CLANG_ENABLE_OBJC_WEAK = YES;
				CLANG_WARN_BLOCK_CAPTURE_AUTORELEASING = YES;
				CLANG_WARN_BOOL_CONVERSION = YES;
				CLANG_WARN_COMMA = YES;
				CLANG_WARN_CONSTANT_CONVERSION = YES;
				CLANG_WARN_DEPRECATED_OBJC_IMPLEMENTATIONS = YES;
				CLANG_WARN_DIRECT_OBJC_ISA_USAGE = YES_ERROR;
				CLANG_WARN_DOCUMENTATION_COMMENTS = YES;
				CLANG_WARN_EMPTY_BODY = YES;
				CLANG_WARN_ENUM_CONVERSION = YES;
				CLANG_WARN_INFINITE_RECURSION = YES;
				CLANG_WARN_INT_CONVERSION = YES;
				CLANG_WARN_NON_LITERAL_NULL_CONVERSION = YES;
				CLANG_WARN_OBJC_IMPLICIT_RETAIN_SELF = YES;
				CLANG_WARN_OBJC_LITERAL_CONVERSION = YES;
				CLANG_WARN_OBJC_ROOT_CLASS = YES_ERROR;
				CLANG_WARN_QUOTED_INCLUDE_IN_FRAMEWORK_HEADER = YES;
				CLANG_WARN_RANGE_LOOP_ANALYSIS = YES;
				CLANG_WARN_STRICT_PROTOTYPES = YES;
				CLANG_WARN_SUSPICIOUS_MOVE = YES;
				CLANG_WARN_UNGUARDED_AVAILABILITY = YES_AGGRESSIVE;
				CLANG_WARN_UNREACHABLE_CODE = YES;
				CLANG_WARN__DUPLICATE_METHOD_MATCH = YES;
				COPY_PHASE_STRIP = NO;
				DEBUG_INFORMATION_FORMAT = "dwarf-with-dsym";
				ENABLE_NS_ASSERTIONS = NO;
				ENABLE_STRICT_OBJC_MSGSEND = YES;
				ENABLE_USER_SCRIPT_SANDBOXING = YES;
				GCC_C_LANGUAGE_STANDARD = gnu17;
				GCC_NO_COMMON_BLOCKS = YES;
				GCC_WARN_64_TO_32_BIT_CONVERSION = YES;
				GCC_WARN_ABOUT_RETURN_TYPE = YES_ERROR;
				GCC_WARN_UNDECLARED_SELECTOR = YES;
				GCC_WARN_UNINITIALIZED_AUTOS = YES_AGGRESSIVE;
				GCC_WARN_UNUSED_FUNCTION = YES;
				GCC_WARN_UNUSED_VARIABLE = YES;
				IPHONEOS_DEPLOYMENT_TARGET = 18.1;
				LOCALIZATION_PREFERS_STRING_CATALOGS = YES;
				MTL_ENABLE_DEBUG_INFO = NO;
				MTL_FAST_MATH = YES;
				SDKROOT = iphoneos;
				SWIFT_COMPILATION_MODE = wholemodule;
				VALIDATE_PRODUCT = YES;
			};
			name = Release;
		};
		E8FC840A2CE798610006ED8A /* Debug */ = {
			isa = XCBuildConfiguration;
			buildSettings = {
				BUNDLE_LOADER = "$(TEST_HOST)";
				CODE_SIGN_STYLE = Automatic;
				CURRENT_PROJECT_VERSION = 1;
				GENERATE_INFOPLIST_FILE = YES;
				IPHONEOS_DEPLOYMENT_TARGET = 18.1;
				MARKETING_VERSION = 1.0;
				PRODUCT_BUNDLE_IDENTIFIER = parkAll.NildaSnapchatTests;
				PRODUCT_NAME = "$(TARGET_NAME)";
				SWIFT_EMIT_LOC_STRINGS = NO;
				SWIFT_VERSION = 5.0;
				TARGETED_DEVICE_FAMILY = "1,2";
				TEST_HOST = "$(BUILT_PRODUCTS_DIR)/NildaSnapchat.app/$(BUNDLE_EXECUTABLE_FOLDER_PATH)/NildaSnapchat";
			};
			name = Debug;
		};
		E8FC840B2CE798610006ED8A /* Release */ = {
			isa = XCBuildConfiguration;
			buildSettings = {
				BUNDLE_LOADER = "$(TEST_HOST)";
				CODE_SIGN_STYLE = Automatic;
				CURRENT_PROJECT_VERSION = 1;
				GENERATE_INFOPLIST_FILE = YES;
				IPHONEOS_DEPLOYMENT_TARGET = 18.1;
				MARKETING_VERSION = 1.0;
				PRODUCT_BUNDLE_IDENTIFIER = parkAll.NildaSnapchatTests;
				PRODUCT_NAME = "$(TARGET_NAME)";
				SWIFT_EMIT_LOC_STRINGS = NO;
				SWIFT_VERSION = 5.0;
				TARGETED_DEVICE_FAMILY = "1,2";
				TEST_HOST = "$(BUILT_PRODUCTS_DIR)/NildaSnapchat.app/$(BUNDLE_EXECUTABLE_FOLDER_PATH)/NildaSnapchat";
			};
			name = Release;
		};
		E8FC840D2CE798610006ED8A /* Debug */ = {
			isa = XCBuildConfiguration;
			buildSettings = {
				CODE_SIGN_STYLE = Automatic;
				CURRENT_PROJECT_VERSION = 1;
				GENERATE_INFOPLIST_FILE = YES;
				MARKETING_VERSION = 1.0;
				PRODUCT_BUNDLE_IDENTIFIER = parkAll.NildaSnapchatUITests;
				PRODUCT_NAME = "$(TARGET_NAME)";
				SWIFT_EMIT_LOC_STRINGS = NO;
				SWIFT_VERSION = 5.0;
				TARGETED_DEVICE_FAMILY = "1,2";
				TEST_TARGET_NAME = NildaSnapchat;
			};
			name = Debug;
		};
		E8FC840E2CE798610006ED8A /* Release */ = {
			isa = XCBuildConfiguration;
			buildSettings = {
				CODE_SIGN_STYLE = Automatic;
				CURRENT_PROJECT_VERSION = 1;
				GENERATE_INFOPLIST_FILE = YES;
				MARKETING_VERSION = 1.0;
				PRODUCT_BUNDLE_IDENTIFIER = parkAll.NildaSnapchatUITests;
				PRODUCT_NAME = "$(TARGET_NAME)";
				SWIFT_EMIT_LOC_STRINGS = NO;
				SWIFT_VERSION = 5.0;
				TARGETED_DEVICE_FAMILY = "1,2";
				TEST_TARGET_NAME = NildaSnapchat;
			};
			name = Release;
		};
/* End XCBuildConfiguration section */

/* Begin XCConfigurationList section */
		E8FC83D62CE798600006ED8A /* Build configuration list for PBXProject "NildaSnapchat" */ = {
			isa = XCConfigurationList;
			buildConfigurations = (
				E8FC84072CE798610006ED8A /* Debug */,
				E8FC84082CE798610006ED8A /* Release */,
			);
			defaultConfigurationIsVisible = 0;
			defaultConfigurationName = Release;
		};
		E8FC84042CE798610006ED8A /* Build configuration list for PBXNativeTarget "NildaSnapchat" */ = {
			isa = XCConfigurationList;
			buildConfigurations = (
				E8FC84052CE798610006ED8A /* Debug */,
				E8FC84062CE798610006ED8A /* Release */,
			);
			defaultConfigurationIsVisible = 0;
			defaultConfigurationName = Release;
		};
		E8FC84092CE798610006ED8A /* Build configuration list for PBXNativeTarget "NildaSnapchatTests" */ = {
			isa = XCConfigurationList;
			buildConfigurations = (
				E8FC840A2CE798610006ED8A /* Debug */,
				E8FC840B2CE798610006ED8A /* Release */,
			);
			defaultConfigurationIsVisible = 0;
			defaultConfigurationName = Release;
		};
		E8FC840C2CE798610006ED8A /* Build configuration list for PBXNativeTarget "NildaSnapchatUITests" */ = {
			isa = XCConfigurationList;
			buildConfigurations = (
				E8FC840D2CE798610006ED8A /* Debug */,
				E8FC840E2CE798610006ED8A /* Release */,
			);
			defaultConfigurationIsVisible = 0;
			defaultConfigurationName = Release;
		};
/* End XCConfigurationList section */

/* Begin XCRemoteSwiftPackageReference section */
		E8FC84172CE79FD50006ED8A /* XCRemoteSwiftPackageReference "firebase-ios-sdk" */ = {
			isa = XCRemoteSwiftPackageReference;
			repositoryURL = "https://github.com/firebase/firebase-ios-sdk";
			requirement = {
				kind = versionRange;
				maximumVersion = 12.0.0;
				minimumVersion = 11.5.0;
			};
		};
/* End XCRemoteSwiftPackageReference section */

/* Begin XCSwiftPackageProductDependency section */
		E8FC84182CE79FD50006ED8A /* FirebaseAnalytics */ = {
			isa = XCSwiftPackageProductDependency;
			package = E8FC84172CE79FD50006ED8A /* XCRemoteSwiftPackageReference "firebase-ios-sdk" */;
			productName = FirebaseAnalytics;
		};
		E8FC841A2CE79FD50006ED8A /* FirebaseAnalyticsWithoutAdIdSupport */ = {
			isa = XCSwiftPackageProductDependency;
			package = E8FC84172CE79FD50006ED8A /* XCRemoteSwiftPackageReference "firebase-ios-sdk" */;
			productName = FirebaseAnalyticsWithoutAdIdSupport;
		};
		E8FC841C2CE79FD50006ED8A /* FirebaseAuth */ = {
			isa = XCSwiftPackageProductDependency;
			package = E8FC84172CE79FD50006ED8A /* XCRemoteSwiftPackageReference "firebase-ios-sdk" */;
			productName = FirebaseAuth;
		};
		E8FC841E2CE79FD50006ED8A /* FirebaseCore */ = {
			isa = XCSwiftPackageProductDependency;
			package = E8FC84172CE79FD50006ED8A /* XCRemoteSwiftPackageReference "firebase-ios-sdk" */;
			productName = FirebaseCore;
		};
		E8FC84202CE79FD50006ED8A /* FirebaseDatabase */ = {
			isa = XCSwiftPackageProductDependency;
			package = E8FC84172CE79FD50006ED8A /* XCRemoteSwiftPackageReference "firebase-ios-sdk" */;
			productName = FirebaseDatabase;
		};
		E8FC84222CE79FD50006ED8A /* FirebaseStorage */ = {
			isa = XCSwiftPackageProductDependency;
			package = E8FC84172CE79FD50006ED8A /* XCRemoteSwiftPackageReference "firebase-ios-sdk" */;
			productName = FirebaseStorage;
		};
/* End XCSwiftPackageProductDependency section */
	};
	rootObject = E8FC83D32CE798600006ED8A /* Project object */;
}
